// !$*UTF8*$!
{
	archiveVersion = 1;
	classes = {
	};
	objectVersion = 55;
	objects = {

/* Begin PBXBuildFile section */
		986C29C527F5327400D7CC37 /* DataModel.swift in Sources */ = {isa = PBXBuildFile; fileRef = 986C29C427F5327400D7CC37 /* DataModel.swift */; };
		986C29CA27F5468C00D7CC37 /* CurrentWatherView.swift in Sources */ = {isa = PBXBuildFile; fileRef = 986C29C927F5468C00D7CC37 /* CurrentWatherView.swift */; };
		986C29CC27F5491D00D7CC37 /* WeatherConditions.swift in Sources */ = {isa = PBXBuildFile; fileRef = 986C29CB27F5491D00D7CC37 /* WeatherConditions.swift */; };
		986C29D027F62FBE00D7CC37 /* Extensions.swift in Sources */ = {isa = PBXBuildFile; fileRef = 986C29CF27F62FBE00D7CC37 /* Extensions.swift */; };
		986C29D227F67FE200D7CC37 /* HourlyView.swift in Sources */ = {isa = PBXBuildFile; fileRef = 986C29D127F67FE200D7CC37 /* HourlyView.swift */; };
		986C29D427F6893000D7CC37 /* DailyView.swift in Sources */ = {isa = PBXBuildFile; fileRef = 986C29D327F6893000D7CC37 /* DailyView.swift */; };
		986C29D727F6965300D7CC37 /* APIKey.swift in Sources */ = {isa = PBXBuildFile; fileRef = 986C29D627F6965300D7CC37 /* APIKey.swift */; };
		98EAE0FC27F3DDB800EC6CF6 /* ForcastMeApp.swift in Sources */ = {isa = PBXBuildFile; fileRef = 98EAE0FB27F3DDB800EC6CF6 /* ForcastMeApp.swift */; };
		98EAE0FE27F3DDB800EC6CF6 /* ContentView.swift in Sources */ = {isa = PBXBuildFile; fileRef = 98EAE0FD27F3DDB800EC6CF6 /* ContentView.swift */; };
		98EAE10027F3DDBB00EC6CF6 /* Assets.xcassets in Resources */ = {isa = PBXBuildFile; fileRef = 98EAE0FF27F3DDBB00EC6CF6 /* Assets.xcassets */; };
		98EAE10327F3DDBB00EC6CF6 /* Preview Assets.xcassets in Resources */ = {isa = PBXBuildFile; fileRef = 98EAE10227F3DDBB00EC6CF6 /* Preview Assets.xcassets */; };
/* End PBXBuildFile section */

/* Begin PBXFileReference section */
		986C29C427F5327400D7CC37 /* DataModel.swift */ = {isa = PBXFileReference; lastKnownFileType = sourcecode.swift; path = DataModel.swift; sourceTree = "<group>"; };
		986C29C927F5468C00D7CC37 /* CurrentWatherView.swift */ = {isa = PBXFileReference; lastKnownFileType = sourcecode.swift; path = CurrentWatherView.swift; sourceTree = "<group>"; };
		986C29CB27F5491D00D7CC37 /* WeatherConditions.swift */ = {isa = PBXFileReference; lastKnownFileType = sourcecode.swift; path = WeatherConditions.swift; sourceTree = "<group>"; };
		986C29CF27F62FBE00D7CC37 /* Extensions.swift */ = {isa = PBXFileReference; lastKnownFileType = sourcecode.swift; path = Extensions.swift; sourceTree = "<group>"; };
		986C29D127F67FE200D7CC37 /* HourlyView.swift */ = {isa = PBXFileReference; lastKnownFileType = sourcecode.swift; path = HourlyView.swift; sourceTree = "<group>"; };
		986C29D327F6893000D7CC37 /* DailyView.swift */ = {isa = PBXFileReference; lastKnownFileType = sourcecode.swift; path = DailyView.swift; sourceTree = "<group>"; };
		986C29D627F6965300D7CC37 /* APIKey.swift */ = {isa = PBXFileReference; lastKnownFileType = sourcecode.swift; path = APIKey.swift; sourceTree = "<group>"; };
		98EAE0F827F3DDB800EC6CF6 /* ForcastMe.app */ = {isa = PBXFileReference; explicitFileType = wrapper.application; includeInIndex = 0; path = ForcastMe.app; sourceTree = BUILT_PRODUCTS_DIR; };
		98EAE0FB27F3DDB800EC6CF6 /* ForcastMeApp.swift */ = {isa = PBXFileReference; lastKnownFileType = sourcecode.swift; path = ForcastMeApp.swift; sourceTree = "<group>"; };
		98EAE0FD27F3DDB800EC6CF6 /* ContentView.swift */ = {isa = PBXFileReference; lastKnownFileType = sourcecode.swift; path = ContentView.swift; sourceTree = "<group>"; };
		98EAE0FF27F3DDBB00EC6CF6 /* Assets.xcassets */ = {isa = PBXFileReference; lastKnownFileType = folder.assetcatalog; path = Assets.xcassets; sourceTree = "<group>"; };
		98EAE10227F3DDBB00EC6CF6 /* Preview Assets.xcassets */ = {isa = PBXFileReference; lastKnownFileType = folder.assetcatalog; path = "Preview Assets.xcassets"; sourceTree = "<group>"; };
/* End PBXFileReference section */

/* Begin PBXFrameworksBuildPhase section */
		98EAE0F527F3DDB800EC6CF6 /* Frameworks */ = {
			isa = PBXFrameworksBuildPhase;
			buildActionMask = 2147483647;
			files = (
			);
			runOnlyForDeploymentPostprocessing = 0;
		};
/* End PBXFrameworksBuildPhase section */

/* Begin PBXGroup section */
		986C29C827F5461300D7CC37 /* Weather Views */ = {
			isa = PBXGroup;
			children = (
				986C29D327F6893000D7CC37 /* DailyView.swift */,
				986C29C927F5468C00D7CC37 /* CurrentWatherView.swift */,
				986C29D127F67FE200D7CC37 /* HourlyView.swift */,
			);
			path = "Weather Views";
			sourceTree = "<group>";
		};
		986C29D527F6895500D7CC37 /* Data */ = {
			isa = PBXGroup;
			children = (
				986C29D627F6965300D7CC37 /* APIKey.swift */,
				986C29C427F5327400D7CC37 /* DataModel.swift */,
				986C29CF27F62FBE00D7CC37 /* Extensions.swift */,
				986C29CB27F5491D00D7CC37 /* WeatherConditions.swift */,
			);
			path = Data;
			sourceTree = "<group>";
		};
		98EAE0EF27F3DDB800EC6CF6 = {
			isa = PBXGroup;
			children = (
				98EAE0FA27F3DDB800EC6CF6 /* ForcastMe */,
				98EAE0F927F3DDB800EC6CF6 /* Products */,
			);
			sourceTree = "<group>";
		};
		98EAE0F927F3DDB800EC6CF6 /* Products */ = {
			isa = PBXGroup;
			children = (
				98EAE0F827F3DDB800EC6CF6 /* ForcastMe.app */,
			);
			name = Products;
			sourceTree = "<group>";
		};
		98EAE0FA27F3DDB800EC6CF6 /* ForcastMe */ = {
			isa = PBXGroup;
			children = (
				98EAE0FB27F3DDB800EC6CF6 /* ForcastMeApp.swift */,
				98EAE0FD27F3DDB800EC6CF6 /* ContentView.swift */,
				986C29C827F5461300D7CC37 /* Weather Views */,
				986C29D527F6895500D7CC37 /* Data */,
				98EAE0FF27F3DDBB00EC6CF6 /* Assets.xcassets */,
				98EAE10127F3DDBB00EC6CF6 /* Preview Content */,
			);
			path = ForcastMe;
			sourceTree = "<group>";
		};
		98EAE10127F3DDBB00EC6CF6 /* Preview Content */ = {
			isa = PBXGroup;
			children = (
				98EAE10227F3DDBB00EC6CF6 /* Preview Assets.xcassets */,
			);
			path = "Preview Content";
			sourceTree = "<group>";
		};
/* End PBXGroup section */

/* Begin PBXNativeTarget section */
		98EAE0F727F3DDB800EC6CF6 /* ForcastMe */ = {
			isa = PBXNativeTarget;
			buildConfigurationList = 98EAE10627F3DDBB00EC6CF6 /* Build configuration list for PBXNativeTarget "ForcastMe" */;
			buildPhases = (
				98EAE0F427F3DDB800EC6CF6 /* Sources */,
				98EAE0F527F3DDB800EC6CF6 /* Frameworks */,
				98EAE0F627F3DDB800EC6CF6 /* Resources */,
			);
			buildRules = (
			);
			dependencies = (
			);
			name = ForcastMe;
			productName = ForcastMe;
			productReference = 98EAE0F827F3DDB800EC6CF6 /* ForcastMe.app */;
			productType = "com.apple.product-type.application";
		};
/* End PBXNativeTarget section */

/* Begin PBXProject section */
		98EAE0F027F3DDB800EC6CF6 /* Project object */ = {
			isa = PBXProject;
			attributes = {
				BuildIndependentTargetsInParallel = 1;
				LastSwiftUpdateCheck = 1330;
				LastUpgradeCheck = 1330;
				TargetAttributes = {
					98EAE0F727F3DDB800EC6CF6 = {
						CreatedOnToolsVersion = 13.3;
					};
				};
			};
			buildConfigurationList = 98EAE0F327F3DDB800EC6CF6 /* Build configuration list for PBXProject "ForcastMe" */;
			compatibilityVersion = "Xcode 13.0";
			developmentRegion = en;
			hasScannedForEncodings = 0;
			knownRegions = (
				en,
				Base,
			);
			mainGroup = 98EAE0EF27F3DDB800EC6CF6;
			productRefGroup = 98EAE0F927F3DDB800EC6CF6 /* Products */;
			projectDirPath = "";
			projectRoot = "";
			targets = (
				98EAE0F727F3DDB800EC6CF6 /* ForcastMe */,
			);
		};
/* End PBXProject section */

/* Begin PBXResourcesBuildPhase section */
		98EAE0F627F3DDB800EC6CF6 /* Resources */ = {
			isa = PBXResourcesBuildPhase;
			buildActionMask = 2147483647;
			files = (
				98EAE10327F3DDBB00EC6CF6 /* Preview Assets.xcassets in Resources */,
				98EAE10027F3DDBB00EC6CF6 /* Assets.xcassets in Resources */,
			);
			runOnlyForDeploymentPostprocessing = 0;
		};
/* End PBXResourcesBuildPhase section */

/* Begin PBXSourcesBuildPhase section */
		98EAE0F427F3DDB800EC6CF6 /* Sources */ = {
			isa = PBXSourcesBuildPhase;
			buildActionMask = 2147483647;
			files = (
				986C29D427F6893000D7CC37 /* DailyView.swift in Sources */,
				98EAE0FE27F3DDB800EC6CF6 /* ContentView.swift in Sources */,
				98EAE0FC27F3DDB800EC6CF6 /* ForcastMeApp.swift in Sources */,
				986C29D027F62FBE00D7CC37 /* Extensions.swift in Sources */,
				986C29C527F5327400D7CC37 /* DataModel.swift in Sources */,
				986C29D227F67FE200D7CC37 /* HourlyView.swift in Sources */,
				986C29CC27F5491D00D7CC37 /* WeatherConditions.swift in Sources */,
				986C29D727F6965300D7CC37 /* APIKey.swift in Sources */,
				986C29CA27F5468C00D7CC37 /* CurrentWatherView.swift in Sources */,
			);
			runOnlyForDeploymentPostprocessing = 0;
		};
/* End PBXSourcesBuildPhase section */

/* Begin XCBuildConfiguration section */
		98EAE10427F3DDBB00EC6CF6 /* Debug */ = {
			isa = XCBuildConfiguration;
			buildSettings = {
				ALWAYS_SEARCH_USER_PATHS = NO;
				CLANG_ANALYZER_NONNULL = YES;
				CLANG_ANALYZER_NUMBER_OBJECT_CONVERSION = YES_AGGRESSIVE;
				CLANG_CXX_LANGUAGE_STANDARD = "gnu++17";
				CLANG_ENABLE_MODULES = YES;
				CLANG_ENABLE_OBJC_ARC = YES;
				CLANG_ENABLE_OBJC_WEAK = YES;
				CLANG_WARN_BLOCK_CAPTURE_AUTORELEASING = YES;
				CLANG_WARN_BOOL_CONVERSION = YES;
				CLANG_WARN_COMMA = YES;
				CLANG_WARN_CONSTANT_CONVERSION = YES;
				CLANG_WARN_DEPRECATED_OBJC_IMPLEMENTATIONS = YES;
				CLANG_WARN_DIRECT_OBJC_ISA_USAGE = YES_ERROR;
				CLANG_WARN_DOCUMENTATION_COMMENTS = YES;
				CLANG_WARN_EMPTY_BODY = YES;
				CLANG_WARN_ENUM_CONVERSION = YES;
				CLANG_WARN_INFINITE_RECURSION = YES;
				CLANG_WARN_INT_CONVERSION = YES;
				CLANG_WARN_NON_LITERAL_NULL_CONVERSION = YES;
				CLANG_WARN_OBJC_IMPLICIT_RETAIN_SELF = YES;
				CLANG_WARN_OBJC_LITERAL_CONVERSION = YES;
				CLANG_WARN_OBJC_ROOT_CLASS = YES_ERROR;
				CLANG_WARN_QUOTED_INCLUDE_IN_FRAMEWORK_HEADER = YES;
				CLANG_WARN_RANGE_LOOP_ANALYSIS = YES;
				CLANG_WARN_STRICT_PROTOTYPES = YES;
				CLANG_WARN_SUSPICIOUS_MOVE = YES;
				CLANG_WARN_UNGUARDED_AVAILABILITY = YES_AGGRESSIVE;
				CLANG_WARN_UNREACHABLE_CODE = YES;
				CLANG_WARN__DUPLICATE_METHOD_MATCH = YES;
				COPY_PHASE_STRIP = NO;
				DEBUG_INFORMATION_FORMAT = dwarf;
				ENABLE_STRICT_OBJC_MSGSEND = YES;
				ENABLE_TESTABILITY = YES;
				GCC_C_LANGUAGE_STANDARD = gnu11;
				GCC_DYNAMIC_NO_PIC = NO;
				GCC_NO_COMMON_BLOCKS = YES;
				GCC_OPTIMIZATION_LEVEL = 0;
				GCC_PREPROCESSOR_DEFINITIONS = (
					"DEBUG=1",
					"$(inherited)",
				);
				GCC_WARN_64_TO_32_BIT_CONVERSION = YES;
				GCC_WARN_ABOUT_RETURN_TYPE = YES_ERROR;
				GCC_WARN_UNDECLARED_SELECTOR = YES;
				GCC_WARN_UNINITIALIZED_AUTOS = YES_AGGRESSIVE;
				GCC_WARN_UNUSED_FUNCTION = YES;
				GCC_WARN_UNUSED_VARIABLE = YES;
				IPHONEOS_DEPLOYMENT_TARGET = 15.4;
				MTL_ENABLE_DEBUG_INFO = INCLUDE_SOURCE;
				MTL_FAST_MATH = YES;
				ONLY_ACTIVE_ARCH = YES;
				SDKROOT = iphoneos;
				SWIFT_ACTIVE_COMPILATION_CONDITIONS = DEBUG;
				SWIFT_OPTIMIZATION_LEVEL = "-Onone";
			};
			name = Debug;
		};
		98EAE10527F3DDBB00EC6CF6 /* Release */ = {
			isa = XCBuildConfiguration;
			buildSettings = {
				ALWAYS_SEARCH_USER_PATHS = NO;
				CLANG_ANALYZER_NONNULL = YES;
				CLANG_ANALYZER_NUMBER_OBJECT_CONVERSION = YES_AGGRESSIVE;
				CLANG_CXX_LANGUAGE_STANDARD = "gnu++17";
				CLANG_ENABLE_MODULES = YES;
				CLANG_ENABLE_OBJC_ARC = YES;
				CLANG_ENABLE_OBJC_WEAK = YES;
				CLANG_WARN_BLOCK_CAPTURE_AUTORELEASING = YES;
				CLANG_WARN_BOOL_CONVERSION = YES;
				CLANG_WARN_COMMA = YES;
				CLANG_WARN_CONSTANT_CONVERSION = YES;
				CLANG_WARN_DEPRECATED_OBJC_IMPLEMENTATIONS = YES;
				CLANG_WARN_DIRECT_OBJC_ISA_USAGE = YES_ERROR;
				CLANG_WARN_DOCUMENTATION_COMMENTS = YES;
				CLANG_WARN_EMPTY_BODY = YES;
				CLANG_WARN_ENUM_CONVERSION = YES;
				CLANG_WARN_INFINITE_RECURSION = YES;
				CLANG_WARN_INT_CONVERSION = YES;
				CLANG_WARN_NON_LITERAL_NULL_CONVERSION = YES;
				CLANG_WARN_OBJC_IMPLICIT_RETAIN_SELF = YES;
				CLANG_WARN_OBJC_LITERAL_CONVERSION = YES;
				CLANG_WARN_OBJC_ROOT_CLASS = YES_ERROR;
				CLANG_WARN_QUOTED_INCLUDE_IN_FRAMEWORK_HEADER = YES;
				CLANG_WARN_RANGE_LOOP_ANALYSIS = YES;
				CLANG_WARN_STRICT_PROTOTYPES = YES;
				CLANG_WARN_SUSPICIOUS_MOVE = YES;
				CLANG_WARN_UNGUARDED_AVAILABILITY = YES_AGGRESSIVE;
				CLANG_WARN_UNREACHABLE_CODE = YES;
				CLANG_WARN__DUPLICATE_METHOD_MATCH = YES;
				COPY_PHASE_STRIP = NO;
				DEBUG_INFORMATION_FORMAT = "dwarf-with-dsym";
				ENABLE_NS_ASSERTIONS = NO;
				ENABLE_STRICT_OBJC_MSGSEND = YES;
				GCC_C_LANGUAGE_STANDARD = gnu11;
				GCC_NO_COMMON_BLOCKS = YES;
				GCC_WARN_64_TO_32_BIT_CONVERSION = YES;
				GCC_WARN_ABOUT_RETURN_TYPE = YES_ERROR;
				GCC_WARN_UNDECLARED_SELECTOR = YES;
				GCC_WARN_UNINITIALIZED_AUTOS = YES_AGGRESSIVE;
				GCC_WARN_UNUSED_FUNCTION = YES;
				GCC_WARN_UNUSED_VARIABLE = YES;
				IPHONEOS_DEPLOYMENT_TARGET = 15.4;
				MTL_ENABLE_DEBUG_INFO = NO;
				MTL_FAST_MATH = YES;
				SDKROOT = iphoneos;
				SWIFT_COMPILATION_MODE = wholemodule;
				SWIFT_OPTIMIZATION_LEVEL = "-O";
				VALIDATE_PRODUCT = YES;
			};
			name = Release;
		};
		98EAE10727F3DDBB00EC6CF6 /* Debug */ = {
			isa = XCBuildConfiguration;
			buildSettings = {
				ASSETCATALOG_COMPILER_APPICON_NAME = AppIcon;
				ASSETCATALOG_COMPILER_GLOBAL_ACCENT_COLOR_NAME = AccentColor;
				CODE_SIGN_STYLE = Automatic;
				CURRENT_PROJECT_VERSION = 1;
				DEVELOPMENT_ASSET_PATHS = "\"ForcastMe/Preview Content\"";
				DEVELOPMENT_TEAM = TDL4PT97XP;
				ENABLE_PREVIEWS = YES;
				GENERATE_INFOPLIST_FILE = YES;
				INFOPLIST_KEY_UIApplicationSceneManifest_Generation = YES;
				INFOPLIST_KEY_UIApplicationSupportsIndirectInputEvents = YES;
				INFOPLIST_KEY_UILaunchScreen_Generation = YES;
				INFOPLIST_KEY_UISupportedInterfaceOrientations_iPad = "UIInterfaceOrientationPortrait UIInterfaceOrientationPortraitUpsideDown UIInterfaceOrientationLandscapeLeft UIInterfaceOrientationLandscapeRight";
				INFOPLIST_KEY_UISupportedInterfaceOrientations_iPhone = "UIInterfaceOrientationPortrait UIInterfaceOrientationLandscapeLeft UIInterfaceOrientationLandscapeRight";
				LD_RUNPATH_SEARCH_PATHS = (
					"$(inherited)",
					"@executable_path/Frameworks",
				);
				MARKETING_VERSION = 1.0;
				PRODUCT_BUNDLE_IDENTIFIER = com.github.lrkhan.ForcastMe;
				PRODUCT_NAME = "$(TARGET_NAME)";
				SWIFT_EMIT_LOC_STRINGS = YES;
				SWIFT_VERSION = 5.0;
				TARGETED_DEVICE_FAMILY = "1,2";
			};
			name = Debug;
		};
		98EAE10827F3DDBB00EC6CF6 /* Release */ = {
			isa = XCBuildConfiguration;
			buildSettings = {
				ASSETCATALOG_COMPILER_APPICON_NAME = AppIcon;
				ASSETCATALOG_COMPILER_GLOBAL_ACCENT_COLOR_NAME = AccentColor;
				CODE_SIGN_STYLE = Automatic;
				CURRENT_PROJECT_VERSION = 1;
				DEVELOPMENT_ASSET_PATHS = "\"ForcastMe/Preview Content\"";
				DEVELOPMENT_TEAM = TDL4PT97XP;
				ENABLE_PREVIEWS = YES;
				GENERATE_INFOPLIST_FILE = YES;
				INFOPLIST_KEY_UIApplicationSceneManifest_Generation = YES;
				INFOPLIST_KEY_UIApplicationSupportsIndirectInputEvents = YES;
				INFOPLIST_KEY_UILaunchScreen_Generation = YES;
				INFOPLIST_KEY_UISupportedInterfaceOrientations_iPad = "UIInterfaceOrientationPortrait UIInterfaceOrientationPortraitUpsideDown UIInterfaceOrientationLandscapeLeft UIInterfaceOrientationLandscapeRight";
				INFOPLIST_KEY_UISupportedInterfaceOrientations_iPhone = "UIInterfaceOrientationPortrait UIInterfaceOrientationLandscapeLeft UIInterfaceOrientationLandscapeRight";
				LD_RUNPATH_SEARCH_PATHS = (
					"$(inherited)",
					"@executable_path/Frameworks",
				);
				MARKETING_VERSION = 1.0;
				PRODUCT_BUNDLE_IDENTIFIER = com.github.lrkhan.ForcastMe;
				PRODUCT_NAME = "$(TARGET_NAME)";
				SWIFT_EMIT_LOC_STRINGS = YES;
				SWIFT_VERSION = 5.0;
				TARGETED_DEVICE_FAMILY = "1,2";
			};
			name = Release;
		};
/* End XCBuildConfiguration section */

/* Begin XCConfigurationList section */
		98EAE0F327F3DDB800EC6CF6 /* Build configuration list for PBXProject "ForcastMe" */ = {
			isa = XCConfigurationList;
			buildConfigurations = (
				98EAE10427F3DDBB00EC6CF6 /* Debug */,
				98EAE10527F3DDBB00EC6CF6 /* Release */,
			);
			defaultConfigurationIsVisible = 0;
			defaultConfigurationName = Release;
		};
		98EAE10627F3DDBB00EC6CF6 /* Build configuration list for PBXNativeTarget "ForcastMe" */ = {
			isa = XCConfigurationList;
			buildConfigurations = (
				98EAE10727F3DDBB00EC6CF6 /* Debug */,
				98EAE10827F3DDBB00EC6CF6 /* Release */,
			);
			defaultConfigurationIsVisible = 0;
			defaultConfigurationName = Release;
		};
/* End XCConfigurationList section */
	};
	rootObject = 98EAE0F027F3DDB800EC6CF6 /* Project object */;
}
